# This file is automatically @generated by Cargo.
# It is not intended for manual editing.
version = 3

[[package]]
name = "aarch64-purecap-rt"
version = "0.1.0"
source = "git+https://github.com/sabikura/aarch64-purecap.git#1a7ce84027191d9c8f638c4fa8004ba91a89e8c9"
dependencies = [
 "aarch64-purecap-rt-macros",
]

[[package]]
name = "aarch64-purecap-rt-macros"
version = "0.1.0"
source = "git+https://github.com/sabikura/aarch64-purecap.git#1a7ce84027191d9c8f638c4fa8004ba91a89e8c9"
dependencies = [
 "proc-macro2",
 "quote",
 "syn",
]

[[package]]
name = "cheri"
version = "0.1.0"
source = "git+https://github.com/sabikura/cheri-rs.git#03dd7030fcf6347301ab798c5394a9892c9f5320"

[[package]]
name = "helloworld-morello-qemu"
version = "0.1.0"
dependencies = [
 "aarch64-purecap-rt",
 "cheri",
 "pl011-uart",
]

[[package]]
name = "pl011-uart"
version = "0.1.0"
source = "git+https://github.com/sabikura/pl011-uart.git#bb59424eb545cf098c59c358983d6f1f45b3a6e7"
dependencies = [
 "cheri",
 "tock-registers",
]

[[package]]
name = "proc-macro2"
version = "1.0.106"
source = "registry+https://github.com/rust-lang/crates.io-index"
checksum = "8fd00f0bb2e90d81d1044c2b32617f68fcb9fa3bb7640c23e9c748e53fb30934"
dependencies = [
 "unicode-ident",
]

[[package]]
name = "quote"
version = "1.0.45"
source = "registry+https://github.com/rust-lang/crates.io-index"
checksum = "41f2619966050689382d2b44f664f4bc593e129785a36d6ee376ddf37259b924"
dependencies = [
 "proc-macro2",
]

[[package]]
name = "syn"
version = "2.0.117"
source = "registry+https://github.com/rust-lang/crates.io-index"
checksum = "e665b8803e7b1d2a727f4023456bbbbe74da67099c585258af0ad9c5013b9b99"
dependencies = [
 "proc-macro2",
 "quote",
 "unicode-ident",
]

[[package]]
name = "tock-registers"
version = "0.10.1"
source = "registry+https://github.com/rust-lang/crates.io-index"
checksum = "8d2d250f87fb3fb6f225c907cf54381509f47b40b74b1d1f12d2dccbc915bdfe"

[[package]]
name = "unicode-ident"
version = "1.0.24"
source = "registry+https://github.com/rust-lang/crates.io-index"
checksum = "e6e4313cd5fcd3dad5cafa179702e2b244f760991f45397d14d4ebf38247da75"
